
Microsoft Visual Studio Solution File, Format Version 12.00
# Visual Studio Version 17
VisualStudioVersion = 17.3.32929.385
MinimumVisualStudioVersion = 10.0.40219.1
Project("{FAE04EC0-301F-11D3-BF4B-00C04F79EFBC}") = "clasesEntregable", "clasesEntregable.csproj", "{C80BD0B9-16B3-408B-8017-0C723B98C7FB}"
EndProject
Global
	GlobalSection(SolutionConfigurationPlatforms) = preSolution
		Debug|Any CPU = Debug|Any CPU
		Release|Any CPU = Release|Any CPU
	EndGlobalSection
	GlobalSection(ProjectConfigurationPlatforms) = postSolution
		{C80BD0B9-16B3-408B-8017-0C723B98C7FB}.Debug|Any CPU.ActiveCfg = Debug|Any CPU
		{C80BD0B9-16B3-408B-8017-0C723B98C7FB}.Debug|Any CPU.Build.0 = Debug|Any CPU
		{C80BD0B9-16B3-408B-8017-0C723B98C7FB}.Release|Any CPU.ActiveCfg = Release|Any CPU
		{C80BD0B9-16B3-408B-8017-0C723B98C7FB}.Release|Any CPU.Build.0 = Release|Any CPU
	EndGlobalSection
	GlobalSection(SolutionProperties) = preSolution
		HideSolutionNode = FALSE
	EndGlobalSection
	GlobalSection(ExtensibilityGlobals) = postSolution
		SolutionGuid = {FB0B083E-742C-4C2F-A189-5E4B34A3AB3F}
	EndGlobalSection
EndGlobal
